
Microsoft Visual Studio Solution File, Format Version 12.00
# Visual Studio Version 17
VisualStudioVersion = 17.6.33815.320
MinimumVisualStudioVersion = 10.0.40219.1
Project("{FAE04EC0-301F-11D3-BF4B-00C04F79EFBC}") = "Steven-Townsend-Programing-Test", "Steven-Townsend-Programing-Test\Steven-Townsend-Programing-Test.csproj", "{22BFF29F-4F35-4986-9E22-A36365E19227}"
EndProject
Global
	GlobalSection(SolutionConfigurationPlatforms) = preSolution
		Debug|Any CPU = Debug|Any CPU
		Release|Any CPU = Release|Any CPU
	EndGlobalSection
	GlobalSection(ProjectConfigurationPlatforms) = postSolution
		{22BFF29F-4F35-4986-9E22-A36365E19227}.Debug|Any CPU.ActiveCfg = Debug|Any CPU
		{22BFF29F-4F35-4986-9E22-A36365E19227}.Debug|Any CPU.Build.0 = Debug|Any CPU
		{22BFF29F-4F35-4986-9E22-A36365E19227}.Release|Any CPU.ActiveCfg = Release|Any CPU
		{22BFF29F-4F35-4986-9E22-A36365E19227}.Release|Any CPU.Build.0 = Release|Any CPU
	EndGlobalSection
	GlobalSection(SolutionProperties) = preSolution
		HideSolutionNode = FALSE
	EndGlobalSection
	GlobalSection(ExtensibilityGlobals) = postSolution
		SolutionGuid = {264D3B43-5869-46CA-BFEB-F63B5C233E74}
	EndGlobalSection
EndGlobal
